// !$*UTF8*$!
{
	archiveVersion = 1;
	classes = {
	};
	objectVersion = 50;
	objects = {

/* Begin PBXBuildFile section */
		B24B06642294318900F2EA5D /* AppDelegate.swift in Sources */ = {isa = PBXBuildFile; fileRef = B24B06632294318900F2EA5D /* AppDelegate.swift */; };
		B24B06662294318900F2EA5D /* ConcentrationViewController.swift in Sources */ = {isa = PBXBuildFile; fileRef = B24B06652294318900F2EA5D /* ConcentrationViewController.swift */; };
		B24B066B2294318A00F2EA5D /* Assets.xcassets in Resources */ = {isa = PBXBuildFile; fileRef = B24B066A2294318A00F2EA5D /* Assets.xcassets */; };
		B24B066E2294318A00F2EA5D /* LaunchScreen.storyboard in Resources */ = {isa = PBXBuildFile; fileRef = B24B066C2294318A00F2EA5D /* LaunchScreen.storyboard */; };
		B24B06792294318A00F2EA5D /* ConcentrationTests.swift in Sources */ = {isa = PBXBuildFile; fileRef = B24B06782294318A00F2EA5D /* ConcentrationTests.swift */; };
		B24B06842294318A00F2EA5D /* ConcentrationUITests.swift in Sources */ = {isa = PBXBuildFile; fileRef = B24B06832294318A00F2EA5D /* ConcentrationUITests.swift */; };
		B24B0694229447D800F2EA5D /* Concentration.swift in Sources */ = {isa = PBXBuildFile; fileRef = B24B0693229447D800F2EA5D /* Concentration.swift */; };
		B24B06962294483F00F2EA5D /* Card.swift in Sources */ = {isa = PBXBuildFile; fileRef = B24B06952294483F00F2EA5D /* Card.swift */; };
		B26959882298228700A856E1 /* ConcentrationThemeChooserViewController.swift in Sources */ = {isa = PBXBuildFile; fileRef = B26959872298228700A856E1 /* ConcentrationThemeChooserViewController.swift */; };
		B2A7D402229D6CF600F27B79 /* Main.storyboard in Resources */ = {isa = PBXBuildFile; fileRef = B2A7D400229D6CF600F27B79 /* Main.storyboard */; };
		B2E5554F229DA012000C5611 /* File.swift in Sources */ = {isa = PBXBuildFile; fileRef = B2E5554E229DA012000C5611 /* File.swift */; };
/* End PBXBuildFile section */

/* Begin PBXContainerItemProxy section */
		B24B06752294318A00F2EA5D /* PBXContainerItemProxy */ = {
			isa = PBXContainerItemProxy;
			containerPortal = B24B06582294318900F2EA5D /* Project object */;
			proxyType = 1;
			remoteGlobalIDString = B24B065F2294318900F2EA5D;
			remoteInfo = Concentration;
		};
		B24B06802294318A00F2EA5D /* PBXContainerItemProxy */ = {
			isa = PBXContainerItemProxy;
			containerPortal = B24B06582294318900F2EA5D /* Project object */;
			proxyType = 1;
			remoteGlobalIDString = B24B065F2294318900F2EA5D;
			remoteInfo = Concentration;
		};
/* End PBXContainerItemProxy section */

/* Begin PBXFileReference section */
		B24B06602294318900F2EA5D /* Concentration.app */ = {isa = PBXFileReference; explicitFileType = wrapper.application; includeInIndex = 0; path = Concentration.app; sourceTree = BUILT_PRODUCTS_DIR; };
		B24B06632294318900F2EA5D /* AppDelegate.swift */ = {isa = PBXFileReference; lastKnownFileType = sourcecode.swift; path = AppDelegate.swift; sourceTree = "<group>"; };
		B24B06652294318900F2EA5D /* ConcentrationViewController.swift */ = {isa = PBXFileReference; lastKnownFileType = sourcecode.swift; path = ConcentrationViewController.swift; sourceTree = "<group>"; };
		B24B066A2294318A00F2EA5D /* Assets.xcassets */ = {isa = PBXFileReference; lastKnownFileType = folder.assetcatalog; path = Assets.xcassets; sourceTree = "<group>"; };
		B24B066D2294318A00F2EA5D /* Base */ = {isa = PBXFileReference; lastKnownFileType = file.storyboard; name = Base; path = Base.lproj/LaunchScreen.storyboard; sourceTree = "<group>"; };
		B24B066F2294318A00F2EA5D /* Info.plist */ = {isa = PBXFileReference; lastKnownFileType = text.plist.xml; path = Info.plist; sourceTree = "<group>"; };
		B24B06742294318A00F2EA5D /* ConcentrationTests.xctest */ = {isa = PBXFileReference; explicitFileType = wrapper.cfbundle; includeInIndex = 0; path = ConcentrationTests.xctest; sourceTree = BUILT_PRODUCTS_DIR; };
		B24B06782294318A00F2EA5D /* ConcentrationTests.swift */ = {isa = PBXFileReference; lastKnownFileType = sourcecode.swift; path = ConcentrationTests.swift; sourceTree = "<group>"; };
		B24B067A2294318A00F2EA5D /* Info.plist */ = {isa = PBXFileReference; lastKnownFileType = text.plist.xml; path = Info.plist; sourceTree = "<group>"; };
		B24B067F2294318A00F2EA5D /* ConcentrationUITests.xctest */ = {isa = PBXFileReference; explicitFileType = wrapper.cfbundle; includeInIndex = 0; path = ConcentrationUITests.xctest; sourceTree = BUILT_PRODUCTS_DIR; };
		B24B06832294318A00F2EA5D /* ConcentrationUITests.swift */ = {isa = PBXFileReference; lastKnownFileType = sourcecode.swift; path = ConcentrationUITests.swift; sourceTree = "<group>"; };
		B24B06852294318A00F2EA5D /* Info.plist */ = {isa = PBXFileReference; lastKnownFileType = text.plist.xml; path = Info.plist; sourceTree = "<group>"; };
		B24B0693229447D800F2EA5D /* Concentration.swift */ = {isa = PBXFileReference; lastKnownFileType = sourcecode.swift; path = Concentration.swift; sourceTree = "<group>"; };
		B24B06952294483F00F2EA5D /* Card.swift */ = {isa = PBXFileReference; lastKnownFileType = sourcecode.swift; path = Card.swift; sourceTree = "<group>"; };
		B26959872298228700A856E1 /* ConcentrationThemeChooserViewController.swift */ = {isa = PBXFileReference; lastKnownFileType = sourcecode.swift; path = ConcentrationThemeChooserViewController.swift; sourceTree = "<group>"; };
		B2A7D401229D6CF600F27B79 /* Base */ = {isa = PBXFileReference; lastKnownFileType = file.storyboard; name = Base; path = "../../../../Downloads/Concentration L7/Concentration/Base.lproj/Main.storyboard"; sourceTree = "<group>"; };
		B2E5554E229DA012000C5611 /* File.swift */ = {isa = PBXFileReference; lastKnownFileType = sourcecode.swift; path = File.swift; sourceTree = "<group>"; };
/* End PBXFileReference section */

/* Begin PBXFrameworksBuildPhase section */
		B24B065D2294318900F2EA5D /* Frameworks */ = {
			isa = PBXFrameworksBuildPhase;
			buildActionMask = 2147483647;
			files = (
			);
			runOnlyForDeploymentPostprocessing = 0;
		};
		B24B06712294318A00F2EA5D /* Frameworks */ = {
			isa = PBXFrameworksBuildPhase;
			buildActionMask = 2147483647;
			files = (
			);
			runOnlyForDeploymentPostprocessing = 0;
		};
		B24B067C2294318A00F2EA5D /* Frameworks */ = {
			isa = PBXFrameworksBuildPhase;
			buildActionMask = 2147483647;
			files = (
			);
			runOnlyForDeploymentPostprocessing = 0;
		};
/* End PBXFrameworksBuildPhase section */

/* Begin PBXGroup section */
		B24B06572294318900F2EA5D = {
			isa = PBXGroup;
			children = (
				B24B06622294318900F2EA5D /* Concentration */,
				B24B06772294318A00F2EA5D /* ConcentrationTests */,
				B24B06822294318A00F2EA5D /* ConcentrationUITests */,
				B24B06612294318900F2EA5D /* Products */,
			);
			sourceTree = "<group>";
		};
		B24B06612294318900F2EA5D /* Products */ = {
			isa = PBXGroup;
			children = (
				B24B06602294318900F2EA5D /* Concentration.app */,
				B24B06742294318A00F2EA5D /* ConcentrationTests.xctest */,
				B24B067F2294318A00F2EA5D /* ConcentrationUITests.xctest */,
			);
			name = Products;
			sourceTree = "<group>";
		};
		B24B06622294318900F2EA5D /* Concentration */ = {
			isa = PBXGroup;
			children = (
				B2E5554E229DA012000C5611 /* File.swift */,
				B26959872298228700A856E1 /* ConcentrationThemeChooserViewController.swift */,
				B24B06632294318900F2EA5D /* AppDelegate.swift */,
				B24B06652294318900F2EA5D /* ConcentrationViewController.swift */,
				B24B0693229447D800F2EA5D /* Concentration.swift */,
				B2A7D400229D6CF600F27B79 /* Main.storyboard */,
				B24B06952294483F00F2EA5D /* Card.swift */,
				B24B066A2294318A00F2EA5D /* Assets.xcassets */,
				B24B066C2294318A00F2EA5D /* LaunchScreen.storyboard */,
				B24B066F2294318A00F2EA5D /* Info.plist */,
			);
			path = Concentration;
			sourceTree = "<group>";
		};
		B24B06772294318A00F2EA5D /* ConcentrationTests */ = {
			isa = PBXGroup;
			children = (
				B24B06782294318A00F2EA5D /* ConcentrationTests.swift */,
				B24B067A2294318A00F2EA5D /* Info.plist */,
			);
			path = ConcentrationTests;
			sourceTree = "<group>";
		};
		B24B06822294318A00F2EA5D /* ConcentrationUITests */ = {
			isa = PBXGroup;
			children = (
				B24B06832294318A00F2EA5D /* ConcentrationUITests.swift */,
				B24B06852294318A00F2EA5D /* Info.plist */,
			);
			path = ConcentrationUITests;
			sourceTree = "<group>";
		};
/* End PBXGroup section */

/* Begin PBXNativeTarget section */
		B24B065F2294318900F2EA5D /* Concentration */ = {
			isa = PBXNativeTarget;
			buildConfigurationList = B24B06882294318A00F2EA5D /* Build configuration list for PBXNativeTarget "Concentration" */;
			buildPhases = (
				B24B065C2294318900F2EA5D /* Sources */,
				B24B065D2294318900F2EA5D /* Frameworks */,
				B24B065E2294318900F2EA5D /* Resources */,
			);
			buildRules = (
			);
			dependencies = (
			);
			name = Concentration;
			productName = Concentration;
			productReference = B24B06602294318900F2EA5D /* Concentration.app */;
			productType = "com.apple.product-type.application";
		};
		B24B06732294318A00F2EA5D /* ConcentrationTests */ = {
			isa = PBXNativeTarget;
			buildConfigurationList = B24B068B2294318A00F2EA5D /* Build configuration list for PBXNativeTarget "ConcentrationTests" */;
			buildPhases = (
				B24B06702294318A00F2EA5D /* Sources */,
				B24B06712294318A00F2EA5D /* Frameworks */,
				B24B06722294318A00F2EA5D /* Resources */,
			);
			buildRules = (
			);
			dependencies = (
				B24B06762294318A00F2EA5D /* PBXTargetDependency */,
			);
			name = ConcentrationTests;
			productName = ConcentrationTests;
			productReference = B24B06742294318A00F2EA5D /* ConcentrationTests.xctest */;
			productType = "com.apple.product-type.bundle.unit-test";
		};
		B24B067E2294318A00F2EA5D /* ConcentrationUITests */ = {
			isa = PBXNativeTarget;
			buildConfigurationList = B24B068E2294318A00F2EA5D /* Build configuration list for PBXNativeTarget "ConcentrationUITests" */;
			buildPhases = (
				B24B067B2294318A00F2EA5D /* Sources */,
				B24B067C2294318A00F2EA5D /* Frameworks */,
				B24B067D2294318A00F2EA5D /* Resources */,
			);
			buildRules = (
			);
			dependencies = (
				B24B06812294318A00F2EA5D /* PBXTargetDependency */,
			);
			name = ConcentrationUITests;
			productName = ConcentrationUITests;
			productReference = B24B067F2294318A00F2EA5D /* ConcentrationUITests.xctest */;
			productType = "com.apple.product-type.bundle.ui-testing";
		};
/* End PBXNativeTarget section */

/* Begin PBXProject section */
		B24B06582294318900F2EA5D /* Project object */ = {
			isa = PBXProject;
			attributes = {
				LastSwiftUpdateCheck = 1020;
				LastUpgradeCheck = 1020;
				ORGANIZATIONNAME = "Rahimi, Meena Nichole (Student)";
				TargetAttributes = {
					B24B065F2294318900F2EA5D = {
						CreatedOnToolsVersion = 10.2.1;
					};
					B24B06732294318A00F2EA5D = {
						CreatedOnToolsVersion = 10.2.1;
						TestTargetID = B24B065F2294318900F2EA5D;
					};
					B24B067E2294318A00F2EA5D = {
						CreatedOnToolsVersion = 10.2.1;
						TestTargetID = B24B065F2294318900F2EA5D;
					};
				};
			};
			buildConfigurationList = B24B065B2294318900F2EA5D /* Build configuration list for PBXProject "Concentration" */;
			compatibilityVersion = "Xcode 9.3";
			developmentRegion = en;
			hasScannedForEncodings = 0;
			knownRegions = (
				en,
				Base,
			);
			mainGroup = B24B06572294318900F2EA5D;
			productRefGroup = B24B06612294318900F2EA5D /* Products */;
			projectDirPath = "";
			projectRoot = "";
			targets = (
				B24B065F2294318900F2EA5D /* Concentration */,
				B24B06732294318A00F2EA5D /* ConcentrationTests */,
				B24B067E2294318A00F2EA5D /* ConcentrationUITests */,
			);
		};
/* End PBXProject section */

/* Begin PBXResourcesBuildPhase section */
		B24B065E2294318900F2EA5D /* Resources */ = {
			isa = PBXResourcesBuildPhase;
			buildActionMask = 2147483647;
			files = (
				B2A7D402229D6CF600F27B79 /* Main.storyboard in Resources */,
				B24B066E2294318A00F2EA5D /* LaunchScreen.storyboard in Resources */,
				B24B066B2294318A00F2EA5D /* Assets.xcassets in Resources */,
			);
			runOnlyForDeploymentPostprocessing = 0;
		};
		B24B06722294318A00F2EA5D /* Resources */ = {
			isa = PBXResourcesBuildPhase;
			buildActionMask = 2147483647;
			files = (
			);
			runOnlyForDeploymentPostprocessing = 0;
		};
		B24B067D2294318A00F2EA5D /* Resources */ = {
			isa = PBXResourcesBuildPhase;
			buildActionMask = 2147483647;
			files = (
			);
			runOnlyForDeploymentPostprocessing = 0;
		};
/* End PBXResourcesBuildPhase section */

/* Begin PBXSourcesBuildPhase section */
		B24B065C2294318900F2EA5D /* Sources */ = {
			isa = PBXSourcesBuildPhase;
			buildActionMask = 2147483647;
			files = (
				B26959882298228700A856E1 /* ConcentrationThemeChooserViewController.swift in Sources */,
				B2E5554F229DA012000C5611 /* File.swift in Sources */,
				B24B06662294318900F2EA5D /* ConcentrationViewController.swift in Sources */,
				B24B06642294318900F2EA5D /* AppDelegate.swift in Sources */,
				B24B0694229447D800F2EA5D /* Concentration.swift in Sources */,
				B24B06962294483F00F2EA5D /* Card.swift in Sources */,
			);
			runOnlyForDeploymentPostprocessing = 0;
		};
		B24B06702294318A00F2EA5D /* Sources */ = {
			isa = PBXSourcesBuildPhase;
			buildActionMask = 2147483647;
			files = (
				B24B06792294318A00F2EA5D /* ConcentrationTests.swift in Sources */,
			);
			runOnlyForDeploymentPostprocessing = 0;
		};
		B24B067B2294318A00F2EA5D /* Sources */ = {
			isa = PBXSourcesBuildPhase;
			buildActionMask = 2147483647;
			files = (
				B24B06842294318A00F2EA5D /* ConcentrationUITests.swift in Sources */,
			);
			runOnlyForDeploymentPostprocessing = 0;
		};
/* End PBXSourcesBuildPhase section */

/* Begin PBXTargetDependency section */
		B24B06762294318A00F2EA5D /* PBXTargetDependency */ = {
			isa = PBXTargetDependency;
			target = B24B065F2294318900F2EA5D /* Concentration */;
			targetProxy = B24B06752294318A00F2EA5D /* PBXContainerItemProxy */;
		};
		B24B06812294318A00F2EA5D /* PBXTargetDependency */ = {
			isa = PBXTargetDependency;
			target = B24B065F2294318900F2EA5D /* Concentration */;
			targetProxy = B24B06802294318A00F2EA5D /* PBXContainerItemProxy */;
		};
/* End PBXTargetDependency section */

/* Begin PBXVariantGroup section */
		B24B066C2294318A00F2EA5D /* LaunchScreen.storyboard */ = {
			isa = PBXVariantGroup;
			children = (
				B24B066D2294318A00F2EA5D /* Base */,
			);
			name = LaunchScreen.storyboard;
			sourceTree = "<group>";
		};
		B2A7D400229D6CF600F27B79 /* Main.storyboard */ = {
			isa = PBXVariantGroup;
			children = (
				B2A7D401229D6CF600F27B79 /* Base */,
			);
			name = Main.storyboard;
			sourceTree = "<group>";
		};
/* End PBXVariantGroup section */

/* Begin XCBuildConfiguration section */
		B24B06862294318A00F2EA5D /* Debug */ = {
			isa = XCBuildConfiguration;
			buildSettings = {
				ALWAYS_SEARCH_USER_PATHS = NO;
				CLANG_ANALYZER_NONNULL = YES;
				CLANG_ANALYZER_NUMBER_OBJECT_CONVERSION = YES_AGGRESSIVE;
				CLANG_CXX_LANGUAGE_STANDARD = "gnu++14";
				CLANG_CXX_LIBRARY = "libc++";
				CLANG_ENABLE_MODULES = YES;
				CLANG_ENABLE_OBJC_ARC = YES;
				CLANG_ENABLE_OBJC_WEAK = YES;
				CLANG_WARN_BLOCK_CAPTURE_AUTORELEASING = YES;
				CLANG_WARN_BOOL_CONVERSION = YES;
				CLANG_WARN_COMMA = YES;
				CLANG_WARN_CONSTANT_CONVERSION = YES;
				CLANG_WARN_DEPRECATED_OBJC_IMPLEMENTATIONS = YES;
				CLANG_WARN_DIRECT_OBJC_ISA_USAGE = YES_ERROR;
				CLANG_WARN_DOCUMENTATION_COMMENTS = YES;
				CLANG_WARN_EMPTY_BODY = YES;
				CLANG_WARN_ENUM_CONVERSION = YES;
				CLANG_WARN_INFINITE_RECURSION = YES;
				CLANG_WARN_INT_CONVERSION = YES;
				CLANG_WARN_NON_LITERAL_NULL_CONVERSION = YES;
				CLANG_WARN_OBJC_IMPLICIT_RETAIN_SELF = YES;
				CLANG_WARN_OBJC_LITERAL_CONVERSION = YES;
				CLANG_WARN_OBJC_ROOT_CLASS = YES_ERROR;
				CLANG_WARN_RANGE_LOOP_ANALYSIS = YES;
				CLANG_WARN_STRICT_PROTOTYPES = YES;
				CLANG_WARN_SUSPICIOUS_MOVE = YES;
				CLANG_WARN_UNGUARDED_AVAILABILITY = YES_AGGRESSIVE;
				CLANG_WARN_UNREACHABLE_CODE = YES;
				CLANG_WARN__DUPLICATE_METHOD_MATCH = YES;
				CODE_SIGN_IDENTITY = "iPhone Developer";
				COPY_PHASE_STRIP = NO;
				DEBUG_INFORMATION_FORMAT = dwarf;
				ENABLE_STRICT_OBJC_MSGSEND = YES;
				ENABLE_TESTABILITY = YES;
				GCC_C_LANGUAGE_STANDARD = gnu11;
				GCC_DYNAMIC_NO_PIC = NO;
				GCC_NO_COMMON_BLOCKS = YES;
				GCC_OPTIMIZATION_LEVEL = 0;
				GCC_PREPROCESSOR_DEFINITIONS = (
					"DEBUG=1",
					"$(inherited)",
				);
				GCC_WARN_64_TO_32_BIT_CONVERSION = YES;
				GCC_WARN_ABOUT_RETURN_TYPE = YES_ERROR;
				GCC_WARN_UNDECLARED_SELECTOR = YES;
				GCC_WARN_UNINITIALIZED_AUTOS = YES_AGGRESSIVE;
				GCC_WARN_UNUSED_FUNCTION = YES;
				GCC_WARN_UNUSED_VARIABLE = YES;
				IPHONEOS_DEPLOYMENT_TARGET = 12.2;
				MTL_ENABLE_DEBUG_INFO = INCLUDE_SOURCE;
				MTL_FAST_MATH = YES;
				ONLY_ACTIVE_ARCH = YES;
				SDKROOT = iphoneos;
				SWIFT_ACTIVE_COMPILATION_CONDITIONS = DEBUG;
				SWIFT_OPTIMIZATION_LEVEL = "-Onone";
			};
			name = Debug;
		};
		B24B06872294318A00F2EA5D /* Release */ = {
			isa = XCBuildConfiguration;
			buildSettings = {
				ALWAYS_SEARCH_USER_PATHS = NO;
				CLANG_ANALYZER_NONNULL = YES;
				CLANG_ANALYZER_NUMBER_OBJECT_CONVERSION = YES_AGGRESSIVE;
				CLANG_CXX_LANGUAGE_STANDARD = "gnu++14";
				CLANG_CXX_LIBRARY = "libc++";
				CLANG_ENABLE_MODULES = YES;
				CLANG_ENABLE_OBJC_ARC = YES;
				CLANG_ENABLE_OBJC_WEAK = YES;
				CLANG_WARN_BLOCK_CAPTURE_AUTORELEASING = YES;
				CLANG_WARN_BOOL_CONVERSION = YES;
				CLANG_WARN_COMMA = YES;
				CLANG_WARN_CONSTANT_CONVERSION = YES;
				CLANG_WARN_DEPRECATED_OBJC_IMPLEMENTATIONS = YES;
				CLANG_WARN_DIRECT_OBJC_ISA_USAGE = YES_ERROR;
				CLANG_WARN_DOCUMENTATION_COMMENTS = YES;
				CLANG_WARN_EMPTY_BODY = YES;
				CLANG_WARN_ENUM_CONVERSION = YES;
				CLANG_WARN_INFINITE_RECURSION = YES;
				CLANG_WARN_INT_CONVERSION = YES;
				CLANG_WARN_NON_LITERAL_NULL_CONVERSION = YES;
				CLANG_WARN_OBJC_IMPLICIT_RETAIN_SELF = YES;
				CLANG_WARN_OBJC_LITERAL_CONVERSION = YES;
				CLANG_WARN_OBJC_ROOT_CLASS = YES_ERROR;
				CLANG_WARN_RANGE_LOOP_ANALYSIS = YES;
				CLANG_WARN_STRICT_PROTOTYPES = YES;
				CLANG_WARN_SUSPICIOUS_MOVE = YES;
				CLANG_WARN_UNGUARDED_AVAILABILITY = YES_AGGRESSIVE;
				CLANG_WARN_UNREACHABLE_CODE = YES;
				CLANG_WARN__DUPLICATE_METHOD_MATCH = YES;
				CODE_SIGN_IDENTITY = "iPhone Developer";
				COPY_PHASE_STRIP = NO;
				DEBUG_INFORMATION_FORMAT = "dwarf-with-dsym";
				ENABLE_NS_ASSERTIONS = NO;
				ENABLE_STRICT_OBJC_MSGSEND = YES;
				GCC_C_LANGUAGE_STANDARD = gnu11;
				GCC_NO_COMMON_BLOCKS = YES;
				GCC_WARN_64_TO_32_BIT_CONVERSION = YES;
				GCC_WARN_ABOUT_RETURN_TYPE = YES_ERROR;
				GCC_WARN_UNDECLARED_SELECTOR = YES;
				GCC_WARN_UNINITIALIZED_AUTOS = YES_AGGRESSIVE;
				GCC_WARN_UNUSED_FUNCTION = YES;
				GCC_WARN_UNUSED_VARIABLE = YES;
				IPHONEOS_DEPLOYMENT_TARGET = 12.2;
				MTL_ENABLE_DEBUG_INFO = NO;
				MTL_FAST_MATH = YES;
				SDKROOT = iphoneos;
				SWIFT_COMPILATION_MODE = wholemodule;
				SWIFT_OPTIMIZATION_LEVEL = "-O";
				VALIDATE_PRODUCT = YES;
			};
			name = Release;
		};
		B24B06892294318A00F2EA5D /* Debug */ = {
			isa = XCBuildConfiguration;
			buildSettings = {
				ASSETCATALOG_COMPILER_APPICON_NAME = AppIcon;
				CODE_SIGN_STYLE = Automatic;
				DEVELOPMENT_TEAM = 39Z2QRTVV2;
				INFOPLIST_FILE = Concentration/Info.plist;
				LD_RUNPATH_SEARCH_PATHS = (
					"$(inherited)",
					"@executable_path/Frameworks",
				);
				PRODUCT_BUNDLE_IDENTIFIER = edu.cofc.Rahimimn.Concentration;
				PRODUCT_NAME = "$(TARGET_NAME)";
				SWIFT_VERSION = 5.0;
				TARGETED_DEVICE_FAMILY = "1,2";
			};
			name = Debug;
		};
		B24B068A2294318A00F2EA5D /* Release */ = {
			isa = XCBuildConfiguration;
			buildSettings = {
				ASSETCATALOG_COMPILER_APPICON_NAME = AppIcon;
				CODE_SIGN_STYLE = Automatic;
				DEVELOPMENT_TEAM = 39Z2QRTVV2;
				INFOPLIST_FILE = Concentration/Info.plist;
				LD_RUNPATH_SEARCH_PATHS = (
					"$(inherited)",
					"@executable_path/Frameworks",
				);
				PRODUCT_BUNDLE_IDENTIFIER = edu.cofc.Rahimimn.Concentration;
				PRODUCT_NAME = "$(TARGET_NAME)";
				SWIFT_VERSION = 5.0;
				TARGETED_DEVICE_FAMILY = "1,2";
			};
			name = Release;
		};
		B24B068C2294318A00F2EA5D /* Debug */ = {
			isa = XCBuildConfiguration;
			buildSettings = {
				ALWAYS_EMBED_SWIFT_STANDARD_LIBRARIES = YES;
				BUNDLE_LOADER = "$(TEST_HOST)";
				CODE_SIGN_STYLE = Automatic;
				DEVELOPMENT_TEAM = 39Z2QRTVV2;
				INFOPLIST_FILE = ConcentrationTests/Info.plist;
				LD_RUNPATH_SEARCH_PATHS = (
					"$(inherited)",
					"@executable_path/Frameworks",
					"@loader_path/Frameworks",
				);
				PRODUCT_BUNDLE_IDENTIFIER = edu.cofc.Rahimimn.ConcentrationTests;
				PRODUCT_NAME = "$(TARGET_NAME)";
				SWIFT_VERSION = 5.0;
				TARGETED_DEVICE_FAMILY = "1,2";
				TEST_HOST = "$(BUILT_PRODUCTS_DIR)/Concentration.app/Concentration";
			};
			name = Debug;
		};
		B24B068D2294318A00F2EA5D /* Release */ = {
			isa = XCBuildConfiguration;
			buildSettings = {
				ALWAYS_EMBED_SWIFT_STANDARD_LIBRARIES = YES;
				BUNDLE_LOADER = "$(TEST_HOST)";
				CODE_SIGN_STYLE = Automatic;
				DEVELOPMENT_TEAM = 39Z2QRTVV2;
				INFOPLIST_FILE = ConcentrationTests/Info.plist;
				LD_RUNPATH_SEARCH_PATHS = (
					"$(inherited)",
					"@executable_path/Frameworks",
					"@loader_path/Frameworks",
				);
				PRODUCT_BUNDLE_IDENTIFIER = edu.cofc.Rahimimn.ConcentrationTests;
				PRODUCT_NAME = "$(TARGET_NAME)";
				SWIFT_VERSION = 5.0;
				TARGETED_DEVICE_FAMILY = "1,2";
				TEST_HOST = "$(BUILT_PRODUCTS_DIR)/Concentration.app/Concentration";
			};
			name = Release;
		};
		B24B068F2294318A00F2EA5D /* Debug */ = {
			isa = XCBuildConfiguration;
			buildSettings = {
				ALWAYS_EMBED_SWIFT_STANDARD_LIBRARIES = YES;
				CODE_SIGN_STYLE = Automatic;
				DEVELOPMENT_TEAM = 39Z2QRTVV2;
				INFOPLIST_FILE = ConcentrationUITests/Info.plist;
				LD_RUNPATH_SEARCH_PATHS = (
					"$(inherited)",
					"@executable_path/Frameworks",
					"@loader_path/Frameworks",
				);
				PRODUCT_BUNDLE_IDENTIFIER = edu.cofc.Rahimimn.ConcentrationUITests;
				PRODUCT_NAME = "$(TARGET_NAME)";
				SWIFT_VERSION = 5.0;
				TARGETED_DEVICE_FAMILY = "1,2";
				TEST_TARGET_NAME = Concentration;
			};
			name = Debug;
		};
		B24B06902294318A00F2EA5D /* Release */ = {
			isa = XCBuildConfiguration;
			buildSettings = {
				ALWAYS_EMBED_SWIFT_STANDARD_LIBRARIES = YES;
				CODE_SIGN_STYLE = Automatic;
				DEVELOPMENT_TEAM = 39Z2QRTVV2;
				INFOPLIST_FILE = ConcentrationUITests/Info.plist;
				LD_RUNPATH_SEARCH_PATHS = (
					"$(inherited)",
					"@executable_path/Frameworks",
					"@loader_path/Frameworks",
				);
				PRODUCT_BUNDLE_IDENTIFIER = edu.cofc.Rahimimn.ConcentrationUITests;
				PRODUCT_NAME = "$(TARGET_NAME)";
				SWIFT_VERSION = 5.0;
				TARGETED_DEVICE_FAMILY = "1,2";
				TEST_TARGET_NAME = Concentration;
			};
			name = Release;
		};
/* End XCBuildConfiguration section */

/* Begin XCConfigurationList section */
		B24B065B2294318900F2EA5D /* Build configuration list for PBXProject "Concentration" */ = {
			isa = XCConfigurationList;
			buildConfigurations = (
				B24B06862294318A00F2EA5D /* Debug */,
				B24B06872294318A00F2EA5D /* Release */,
			);
			defaultConfigurationIsVisible = 0;
			defaultConfigurationName = Release;
		};
		B24B06882294318A00F2EA5D /* Build configuration list for PBXNativeTarget "Concentration" */ = {
			isa = XCConfigurationList;
			buildConfigurations = (
				B24B06892294318A00F2EA5D /* Debug */,
				B24B068A2294318A00F2EA5D /* Release */,
			);
			defaultConfigurationIsVisible = 0;
			defaultConfigurationName = Release;
		};
		B24B068B2294318A00F2EA5D /* Build configuration list for PBXNativeTarget "ConcentrationTests" */ = {
			isa = XCConfigurationList;
			buildConfigurations = (
				B24B068C2294318A00F2EA5D /* Debug */,
				B24B068D2294318A00F2EA5D /* Release */,
			);
			defaultConfigurationIsVisible = 0;
			defaultConfigurationName = Release;
		};
		B24B068E2294318A00F2EA5D /* Build configuration list for PBXNativeTarget "ConcentrationUITests" */ = {
			isa = XCConfigurationList;
			buildConfigurations = (
				B24B068F2294318A00F2EA5D /* Debug */,
				B24B06902294318A00F2EA5D /* Release */,
			);
			defaultConfigurationIsVisible = 0;
			defaultConfigurationName = Release;
		};
/* End XCConfigurationList section */
	};
	rootObject = B24B06582294318900F2EA5D /* Project object */;
}
